
Microsoft Visual Studio Solution File, Format Version 12.00
# Visual Studio Version 16
VisualStudioVersion = 16.0.30413.136
MinimumVisualStudioVersion = 10.0.40219.1
Project("{9A19103F-16F7-4668-BE54-9A1E7A4F7556}") = "UMApi", "UMApi\UMApi.csproj", "{075C6F50-4C97-4794-ABA4-2B1B6BE6CC04}"
EndProject
Project("{FAE04EC0-301F-11D3-BF4B-00C04F79EFBC}") = "UMApi.UnitTest", "UMApi.UnitTest\UMApi.UnitTest.csproj", "{83D0CDE0-547F-4CBD-8128-047C69FC1584}"
EndProject
Global
	GlobalSection(SolutionConfigurationPlatforms) = preSolution
		Debug|Any CPU = Debug|Any CPU
		Release|Any CPU = Release|Any CPU
	EndGlobalSection
	GlobalSection(ProjectConfigurationPlatforms) = postSolution
		{075C6F50-4C97-4794-ABA4-2B1B6BE6CC04}.Debug|Any CPU.ActiveCfg = Debug|Any CPU
		{075C6F50-4C97-4794-ABA4-2B1B6BE6CC04}.Debug|Any CPU.Build.0 = Debug|Any CPU
		{075C6F50-4C97-4794-ABA4-2B1B6BE6CC04}.Release|Any CPU.ActiveCfg = Release|Any CPU
		{075C6F50-4C97-4794-ABA4-2B1B6BE6CC04}.Release|Any CPU.Build.0 = Release|Any CPU
		{83D0CDE0-547F-4CBD-8128-047C69FC1584}.Debug|Any CPU.ActiveCfg = Debug|Any CPU
		{83D0CDE0-547F-4CBD-8128-047C69FC1584}.Debug|Any CPU.Build.0 = Debug|Any CPU
		{83D0CDE0-547F-4CBD-8128-047C69FC1584}.Release|Any CPU.ActiveCfg = Release|Any CPU
		{83D0CDE0-547F-4CBD-8128-047C69FC1584}.Release|Any CPU.Build.0 = Release|Any CPU
	EndGlobalSection
	GlobalSection(SolutionProperties) = preSolution
		HideSolutionNode = FALSE
	EndGlobalSection
	GlobalSection(ExtensibilityGlobals) = postSolution
		SolutionGuid = {B9C3F391-EC21-41EA-99D5-FB502430791C}
	EndGlobalSection
EndGlobal
